
Microsoft Visual Studio Solution File, Format Version 12.00
# Visual Studio Version 17
VisualStudioVersion = 17.4.33103.184
MinimumVisualStudioVersion = 10.0.40219.1
Project("{FAE04EC0-301F-11D3-BF4B-00C04F79EFBC}") = "crudapp", "crudapp.csproj", "{EB05D875-0A9D-4FF1-8B53-7D5ED9D99179}"
EndProject
Global
	GlobalSection(SolutionConfigurationPlatforms) = preSolution
		Debug|Any CPU = Debug|Any CPU
		Release|Any CPU = Release|Any CPU
	EndGlobalSection
	GlobalSection(ProjectConfigurationPlatforms) = postSolution
		{EB05D875-0A9D-4FF1-8B53-7D5ED9D99179}.Debug|Any CPU.ActiveCfg = Debug|Any CPU
		{EB05D875-0A9D-4FF1-8B53-7D5ED9D99179}.Debug|Any CPU.Build.0 = Debug|Any CPU
		{EB05D875-0A9D-4FF1-8B53-7D5ED9D99179}.Release|Any CPU.ActiveCfg = Release|Any CPU
		{EB05D875-0A9D-4FF1-8B53-7D5ED9D99179}.Release|Any CPU.Build.0 = Release|Any CPU
	EndGlobalSection
	GlobalSection(SolutionProperties) = preSolution
		HideSolutionNode = FALSE
	EndGlobalSection
	GlobalSection(ExtensibilityGlobals) = postSolution
		SolutionGuid = {CFF3F2FA-2D2A-49B7-B60F-A794F11322BE}
	EndGlobalSection
EndGlobal
